
Microsoft Visual Studio Solution File, Format Version 12.00
# Visual Studio Version 16
VisualStudioVersion = 16.0.30907.101
MinimumVisualStudioVersion = 10.0.40219.1
Project("{9A19103F-16F7-4668-BE54-9A1E7A4F7556}") = "KampIntro", "KampIntro\KampIntro.csproj", "{259B687F-B6EB-4A4E-8968-244EEF670A0F}"
EndProject
Project("{9A19103F-16F7-4668-BE54-9A1E7A4F7556}") = "Donguler", "Donguler\Donguler.csproj", "{C27A9823-0F2C-4AB5-97C8-04B755F8E84E}"
EndProject
Project("{9A19103F-16F7-4668-BE54-9A1E7A4F7556}") = "ClassIntro", "ClassIntro\ClassIntro.csproj", "{3474DFCF-BB2F-43A7-96A8-A50A9D256985}"
EndProject
Project("{9A19103F-16F7-4668-BE54-9A1E7A4F7556}") = "Metotlar", "Metotlar\Metotlar.csproj", "{F646A026-5E5C-4939-92B8-B534785EE2C0}"
EndProject
Project("{9A19103F-16F7-4668-BE54-9A1E7A4F7556}") = "DegerVeReferansTipler", "DegerVeReferansTipler\DegerVeReferansTipler.csproj", "{750B4322-022A-4E39-918E-43C5B1D46FE1}"
EndProject
Project("{9A19103F-16F7-4668-BE54-9A1E7A4F7556}") = "Matematik", "Matematik\Matematik.csproj", "{5B1037B9-17E1-4129-B02B-40126FF7956A}"
EndProject
Project("{FAE04EC0-301F-11D3-BF4B-00C04F79EFBC}") = "OOP1", "OOP1\OOP1.csproj", "{F8F87796-D000-4309-B27A-62127CE3E91E}"
EndProject
Project("{FAE04EC0-301F-11D3-BF4B-00C04F79EFBC}") = "Colactions", "Colactions\Colactions.csproj", "{0E66B87B-4F76-47CC-967A-C77E688D3365}"
EndProject
Project("{FAE04EC0-301F-11D3-BF4B-00C04F79EFBC}") = "GenericsIntro", "GenericsIntro\GenericsIntro.csproj", "{EC98935D-2883-42BF-8C11-8601062BBD04}"
EndProject
Global
	GlobalSection(SolutionConfigurationPlatforms) = preSolution
		Debug|Any CPU = Debug|Any CPU
		Release|Any CPU = Release|Any CPU
	EndGlobalSection
	GlobalSection(ProjectConfigurationPlatforms) = postSolution
		{259B687F-B6EB-4A4E-8968-244EEF670A0F}.Debug|Any CPU.ActiveCfg = Debug|Any CPU
		{259B687F-B6EB-4A4E-8968-244EEF670A0F}.Debug|Any CPU.Build.0 = Debug|Any CPU
		{259B687F-B6EB-4A4E-8968-244EEF670A0F}.Release|Any CPU.ActiveCfg = Release|Any CPU
		{259B687F-B6EB-4A4E-8968-244EEF670A0F}.Release|Any CPU.Build.0 = Release|Any CPU
		{C27A9823-0F2C-4AB5-97C8-04B755F8E84E}.Debug|Any CPU.ActiveCfg = Debug|Any CPU
		{C27A9823-0F2C-4AB5-97C8-04B755F8E84E}.Debug|Any CPU.Build.0 = Debug|Any CPU
		{C27A9823-0F2C-4AB5-97C8-04B755F8E84E}.Release|Any CPU.ActiveCfg = Release|Any CPU
		{C27A9823-0F2C-4AB5-97C8-04B755F8E84E}.Release|Any CPU.Build.0 = Release|Any CPU
		{3474DFCF-BB2F-43A7-96A8-A50A9D256985}.Debug|Any CPU.ActiveCfg = Debug|Any CPU
		{3474DFCF-BB2F-43A7-96A8-A50A9D256985}.Debug|Any CPU.Build.0 = Debug|Any CPU
		{3474DFCF-BB2F-43A7-96A8-A50A9D256985}.Release|Any CPU.ActiveCfg = Release|Any CPU
		{3474DFCF-BB2F-43A7-96A8-A50A9D256985}.Release|Any CPU.Build.0 = Release|Any CPU
		{F646A026-5E5C-4939-92B8-B534785EE2C0}.Debug|Any CPU.ActiveCfg = Debug|Any CPU
		{F646A026-5E5C-4939-92B8-B534785EE2C0}.Debug|Any CPU.Build.0 = Debug|Any CPU
		{F646A026-5E5C-4939-92B8-B534785EE2C0}.Release|Any CPU.ActiveCfg = Release|Any CPU
		{F646A026-5E5C-4939-92B8-B534785EE2C0}.Release|Any CPU.Build.0 = Release|Any CPU
		{750B4322-022A-4E39-918E-43C5B1D46FE1}.Debug|Any CPU.ActiveCfg = Debug|Any CPU
		{750B4322-022A-4E39-918E-43C5B1D46FE1}.Debug|Any CPU.Build.0 = Debug|Any CPU
		{750B4322-022A-4E39-918E-43C5B1D46FE1}.Release|Any CPU.ActiveCfg = Release|Any CPU
		{750B4322-022A-4E39-918E-43C5B1D46FE1}.Release|Any CPU.Build.0 = Release|Any CPU
		{5B1037B9-17E1-4129-B02B-40126FF7956A}.Debug|Any CPU.ActiveCfg = Debug|Any CPU
		{5B1037B9-17E1-4129-B02B-40126FF7956A}.Debug|Any CPU.Build.0 = Debug|Any CPU
		{5B1037B9-17E1-4129-B02B-40126FF7956A}.Release|Any CPU.ActiveCfg = Release|Any CPU
		{5B1037B9-17E1-4129-B02B-40126FF7956A}.Release|Any CPU.Build.0 = Release|Any CPU
		{F8F87796-D000-4309-B27A-62127CE3E91E}.Debug|Any CPU.ActiveCfg = Debug|Any CPU
		{F8F87796-D000-4309-B27A-62127CE3E91E}.Debug|Any CPU.Build.0 = Debug|Any CPU
		{F8F87796-D000-4309-B27A-62127CE3E91E}.Release|Any CPU.ActiveCfg = Release|Any CPU
		{F8F87796-D000-4309-B27A-62127CE3E91E}.Release|Any CPU.Build.0 = Release|Any CPU
		{0E66B87B-4F76-47CC-967A-C77E688D3365}.Debug|Any CPU.ActiveCfg = Debug|Any CPU
		{0E66B87B-4F76-47CC-967A-C77E688D3365}.Debug|Any CPU.Build.0 = Debug|Any CPU
		{0E66B87B-4F76-47CC-967A-C77E688D3365}.Release|Any CPU.ActiveCfg = Release|Any CPU
		{0E66B87B-4F76-47CC-967A-C77E688D3365}.Release|Any CPU.Build.0 = Release|Any CPU
		{EC98935D-2883-42BF-8C11-8601062BBD04}.Debug|Any CPU.ActiveCfg = Debug|Any CPU
		{EC98935D-2883-42BF-8C11-8601062BBD04}.Debug|Any CPU.Build.0 = Debug|Any CPU
		{EC98935D-2883-42BF-8C11-8601062BBD04}.Release|Any CPU.ActiveCfg = Release|Any CPU
		{EC98935D-2883-42BF-8C11-8601062BBD04}.Release|Any CPU.Build.0 = Release|Any CPU
	EndGlobalSection
	GlobalSection(SolutionProperties) = preSolution
		HideSolutionNode = FALSE
	EndGlobalSection
	GlobalSection(ExtensibilityGlobals) = postSolution
		SolutionGuid = {6BD9A44F-261C-4DC1-9A4B-FA227720FB8D}
	EndGlobalSection
EndGlobal
